PODS:
  - Appz (1.6.0)
  - DateTools (1.7.0)
  - DeepLinkKit (1.2.1)
  - Dispatch (0.9.8)
  - DynamicButton (2.1.0)
  - EZSwiftExtensions (1.6)
  - Keyboardy (0.1.1)
  - LMDistanceCalculator (1.0.0)
  - Realm (1.0.2):
    - Realm/Headers (= 1.0.2)
  - Realm/Headers (1.0.2)
  - RealmSwift (1.0.2):
    - Realm (= 1.0.2)
  - SwiftLocation (1.0.5)

DEPENDENCIES:
  - Appz
  - DateTools
  - DeepLinkKit
  - Dispatch
  - DynamicButton
  - EZSwiftExtensions
  - Keyboardy
  - LMDistanceCalculator
  - Realm
  - RealmSwift
  - SwiftLocation

SPEC CHECKSUMS:
  Appz: 8310129e6fe178e844f20894ef397291bcedd87e
  DateTools: 53288ee8b905fdc75897a1e6b5cc0144b14cba60
  DeepLinkKit: 4c3a713b7ecc6c6e25ba56c87d0c728f6035a9ef
  Dispatch: e50365aed43f63169a851184a0b91f72f8d4897e
  DynamicButton: 08c809fdee3c4feb34a20beeba64c069a529d176
  EZSwiftExtensions: 6c5e29ae473b3d2edbf5472eab0a3d7bdb20215c
  Keyboardy: 73ce93cedc45f60ef21a463bc713893772034ea3
  LMDistanceCalculator: 416142ff64f89f3043a83321ac90ff6abb7fea87
  Realm: 9d5c46a4d7d27958530a8dfc58f63a99e5c2cba3
  RealmSwift: 82f3ac5e24530143dddfde2033acc0d308f27d96
  SwiftLocation: 310142ddfcfc1df770b05ee762592f6ee9896cee

PODFILE CHECKSUM: 7ce1bbd142194b79074e4a29f0de2d2d9339a34d

COCOAPODS: 1.0.1
